// !$*UTF8*$!
{
	archiveVersion = 1;
	classes = {
	};
	objectVersion = 46;
	objects = {

/* Begin PBXBuildFile section */
		3443A63F1DAD2BEF008BDF7C /* AppDelegate.swift in Sources */ = {isa = PBXBuildFile; fileRef = 3443A63E1DAD2BEF008BDF7C /* AppDelegate.swift */; };
		3443A6411DAD2BEF008BDF7C /* ViewController.swift in Sources */ = {isa = PBXBuildFile; fileRef = 3443A6401DAD2BEF008BDF7C /* ViewController.swift */; };
		3443A6441DAD2BEF008BDF7C /* Main.storyboard in Resources */ = {isa = PBXBuildFile; fileRef = 3443A6421DAD2BEF008BDF7C /* Main.storyboard */; };
		3443A6461DAD2BEF008BDF7C /* Assets.xcassets in Resources */ = {isa = PBXBuildFile; fileRef = 3443A6451DAD2BEF008BDF7C /* Assets.xcassets */; };
		3443A6491DAD2BEF008BDF7C /* LaunchScreen.storyboard in Resources */ = {isa = PBXBuildFile; fileRef = 3443A6471DAD2BEF008BDF7C /* LaunchScreen.storyboard */; };
		3443A6551DAE8050008BDF7C /* ScrollIndicatorView.swift in Sources */ = {isa = PBXBuildFile; fileRef = 3443A6541DAE8050008BDF7C /* ScrollIndicatorView.swift */; };
		3498E7C11DCB77DB00843794 /* StackedIndicatorView.swift in Sources */ = {isa = PBXBuildFile; fileRef = 3498E7C01DCB77DB00843794 /* StackedIndicatorView.swift */; };
/* End PBXBuildFile section */

/* Begin PBXFileReference section */
		3443A63B1DAD2BEF008BDF7C /* StoreScrollIndicator.app */ = {isa = PBXFileReference; explicitFileType = wrapper.application; includeInIndex = 0; path = StoreScrollIndicator.app; sourceTree = BUILT_PRODUCTS_DIR; };
		3443A63E1DAD2BEF008BDF7C /* AppDelegate.swift */ = {isa = PBXFileReference; lastKnownFileType = sourcecode.swift; path = AppDelegate.swift; sourceTree = "<group>"; };
		3443A6401DAD2BEF008BDF7C /* ViewController.swift */ = {isa = PBXFileReference; lastKnownFileType = sourcecode.swift; path = ViewController.swift; sourceTree = "<group>"; };
		3443A6431DAD2BEF008BDF7C /* Base */ = {isa = PBXFileReference; lastKnownFileType = file.storyboard; name = Base; path = Base.lproj/Main.storyboard; sourceTree = "<group>"; };
		3443A6451DAD2BEF008BDF7C /* Assets.xcassets */ = {isa = PBXFileReference; lastKnownFileType = folder.assetcatalog; path = Assets.xcassets; sourceTree = "<group>"; };
		3443A6481DAD2BEF008BDF7C /* Base */ = {isa = PBXFileReference; lastKnownFileType = file.storyboard; name = Base; path = Base.lproj/LaunchScreen.storyboard; sourceTree = "<group>"; };
		3443A64A1DAD2BEF008BDF7C /* Info.plist */ = {isa = PBXFileReference; lastKnownFileType = text.plist.xml; path = Info.plist; sourceTree = "<group>"; };
		3443A6541DAE8050008BDF7C /* ScrollIndicatorView.swift */ = {isa = PBXFileReference; fileEncoding = 4; lastKnownFileType = sourcecode.swift; path = ScrollIndicatorView.swift; sourceTree = "<group>"; };
		3498E7C01DCB77DB00843794 /* StackedIndicatorView.swift */ = {isa = PBXFileReference; fileEncoding = 4; lastKnownFileType = sourcecode.swift; path = StackedIndicatorView.swift; sourceTree = "<group>"; };
/* End PBXFileReference section */

/* Begin PBXFrameworksBuildPhase section */
		3443A6381DAD2BEF008BDF7C /* Frameworks */ = {
			isa = PBXFrameworksBuildPhase;
			buildActionMask = 2147483647;
			files = (
			);
			runOnlyForDeploymentPostprocessing = 0;
		};
/* End PBXFrameworksBuildPhase section */

/* Begin PBXGroup section */
		3443A6321DAD2BEF008BDF7C = {
			isa = PBXGroup;
			children = (
				3443A6541DAE8050008BDF7C /* ScrollIndicatorView.swift */,
				3498E7C01DCB77DB00843794 /* StackedIndicatorView.swift */,
				3443A63D1DAD2BEF008BDF7C /* ProjectFiles */,
				3443A63C1DAD2BEF008BDF7C /* Products */,
			);
			sourceTree = "<group>";
		};
		3443A63C1DAD2BEF008BDF7C /* Products */ = {
			isa = PBXGroup;
			children = (
				3443A63B1DAD2BEF008BDF7C /* StoreScrollIndicator.app */,
			);
			name = Products;
			sourceTree = "<group>";
		};
		3443A63D1DAD2BEF008BDF7C /* ProjectFiles */ = {
			isa = PBXGroup;
			children = (
				3443A63E1DAD2BEF008BDF7C /* AppDelegate.swift */,
				3443A6401DAD2BEF008BDF7C /* ViewController.swift */,
				3443A6421DAD2BEF008BDF7C /* Main.storyboard */,
				3443A6451DAD2BEF008BDF7C /* Assets.xcassets */,
				3443A6471DAD2BEF008BDF7C /* LaunchScreen.storyboard */,
				3443A64A1DAD2BEF008BDF7C /* Info.plist */,
			);
			path = ProjectFiles;
			sourceTree = "<group>";
		};
/* End PBXGroup section */

/* Begin PBXNativeTarget section */
		3443A63A1DAD2BEF008BDF7C /* StoreScrollIndicator */ = {
			isa = PBXNativeTarget;
			buildConfigurationList = 3443A64D1DAD2BEF008BDF7C /* Build configuration list for PBXNativeTarget "StoreScrollIndicator" */;
			buildPhases = (
				3443A6371DAD2BEF008BDF7C /* Sources */,
				3443A6381DAD2BEF008BDF7C /* Frameworks */,
				3443A6391DAD2BEF008BDF7C /* Resources */,
			);
			buildRules = (
			);
			dependencies = (
			);
			name = StoreScrollIndicator;
			productName = StoreScrollIndicator;
			productReference = 3443A63B1DAD2BEF008BDF7C /* StoreScrollIndicator.app */;
			productType = "com.apple.product-type.application";
		};
/* End PBXNativeTarget section */

/* Begin PBXProject section */
		3443A6331DAD2BEF008BDF7C /* Project object */ = {
			isa = PBXProject;
			attributes = {
				LastSwiftUpdateCheck = 0800;
				LastUpgradeCheck = 0800;
				ORGANIZATIONNAME = usagimaru;
				TargetAttributes = {
					3443A63A1DAD2BEF008BDF7C = {
						CreatedOnToolsVersion = 8.0;
						DevelopmentTeam = R6RZ6S2FLK;
						ProvisioningStyle = Automatic;
					};
				};
			};
			buildConfigurationList = 3443A6361DAD2BEF008BDF7C /* Build configuration list for PBXProject "StoreScrollIndicator" */;
			compatibilityVersion = "Xcode 3.2";
			developmentRegion = English;
			hasScannedForEncodings = 0;
			knownRegions = (
				en,
				Base,
			);
			mainGroup = 3443A6321DAD2BEF008BDF7C;
			productRefGroup = 3443A63C1DAD2BEF008BDF7C /* Products */;
			projectDirPath = "";
			projectRoot = "";
			targets = (
				3443A63A1DAD2BEF008BDF7C /* StoreScrollIndicator */,
			);
		};
/* End PBXProject section */

/* Begin PBXResourcesBuildPhase section */
		3443A6391DAD2BEF008BDF7C /* Resources */ = {
			isa = PBXResourcesBuildPhase;
			buildActionMask = 2147483647;
			files = (
				3443A6491DAD2BEF008BDF7C /* LaunchScreen.storyboard in Resources */,
				3443A6461DAD2BEF008BDF7C /* Assets.xcassets in Resources */,
				3443A6441DAD2BEF008BDF7C /* Main.storyboard in Resources */,
			);
			runOnlyForDeploymentPostprocessing = 0;
		};
/* End PBXResourcesBuildPhase section */

/* Begin PBXSourcesBuildPhase section */
		3443A6371DAD2BEF008BDF7C /* Sources */ = {
			isa = PBXSourcesBuildPhase;
			buildActionMask = 2147483647;
			files = (
				3498E7C11DCB77DB00843794 /* StackedIndicatorView.swift in Sources */,
				3443A6551DAE8050008BDF7C /* ScrollIndicatorView.swift in Sources */,
				3443A6411DAD2BEF008BDF7C /* ViewController.swift in Sources */,
				3443A63F1DAD2BEF008BDF7C /* AppDelegate.swift in Sources */,
			);
			runOnlyForDeploymentPostprocessing = 0;
		};
/* End PBXSourcesBuildPhase section */

/* Begin PBXVariantGroup section */
		3443A6421DAD2BEF008BDF7C /* Main.storyboard */ = {
			isa = PBXVariantGroup;
			children = (
				3443A6431DAD2BEF008BDF7C /* Base */,
			);
			name = Main.storyboard;
			sourceTree = "<group>";
		};
		3443A6471DAD2BEF008BDF7C /* LaunchScreen.storyboard */ = {
			isa = PBXVariantGroup;
			children = (
				3443A6481DAD2BEF008BDF7C /* Base */,
			);
			name = LaunchScreen.storyboard;
			sourceTree = "<group>";
		};
/* End PBXVariantGroup section */

/* Begin XCBuildConfiguration section */
		3443A64B1DAD2BEF008BDF7C /* Debug */ = {
			isa = XCBuildConfiguration;
			buildSettings = {
				ALWAYS_SEARCH_USER_PATHS = NO;
				CLANG_ANALYZER_NONNULL = YES;
				CLANG_CXX_LANGUAGE_STANDARD = "gnu++0x";
				CLANG_CXX_LIBRARY = "libc++";
				CLANG_ENABLE_MODULES = YES;
				CLANG_ENABLE_OBJC_ARC = YES;
				CLANG_WARN_BOOL_CONVERSION = YES;
				CLANG_WARN_CONSTANT_CONVERSION = YES;
				CLANG_WARN_DIRECT_OBJC_ISA_USAGE = YES_ERROR;
				CLANG_WARN_DOCUMENTATION_COMMENTS = YES;
				CLANG_WARN_EMPTY_BODY = YES;
				CLANG_WARN_ENUM_CONVERSION = YES;
				CLANG_WARN_INFINITE_RECURSION = YES;
				CLANG_WARN_INT_CONVERSION = YES;
				CLANG_WARN_OBJC_ROOT_CLASS = YES_ERROR;
				CLANG_WARN_SUSPICIOUS_MOVES = YES;
				CLANG_WARN_UNREACHABLE_CODE = YES;
				CLANG_WARN__DUPLICATE_METHOD_MATCH = YES;
				"CODE_SIGN_IDENTITY[sdk=iphoneos*]" = "iPhone Developer";
				COPY_PHASE_STRIP = NO;
				DEBUG_INFORMATION_FORMAT = dwarf;
				ENABLE_STRICT_OBJC_MSGSEND = YES;
				ENABLE_TESTABILITY = YES;
				GCC_C_LANGUAGE_STANDARD = gnu99;
				GCC_DYNAMIC_NO_PIC = NO;
				GCC_NO_COMMON_BLOCKS = YES;
				GCC_OPTIMIZATION_LEVEL = 0;
				GCC_PREPROCESSOR_DEFINITIONS = (
					"DEBUG=1",
					"$(inherited)",
				);
				GCC_WARN_64_TO_32_BIT_CONVERSION = YES;
				GCC_WARN_ABOUT_RETURN_TYPE = YES_ERROR;
				GCC_WARN_UNDECLARED_SELECTOR = YES;
				GCC_WARN_UNINITIALIZED_AUTOS = YES_AGGRESSIVE;
				GCC_WARN_UNUSED_FUNCTION = YES;
				GCC_WARN_UNUSED_VARIABLE = YES;
				IPHONEOS_DEPLOYMENT_TARGET = 10.0;
				MTL_ENABLE_DEBUG_INFO = YES;
				ONLY_ACTIVE_ARCH = YES;
				SDKROOT = iphoneos;
				SWIFT_ACTIVE_COMPILATION_CONDITIONS = DEBUG;
				SWIFT_OPTIMIZATION_LEVEL = "-Onone";
			};
			name = Debug;
		};
		3443A64C1DAD2BEF008BDF7C /* Release */ = {
			isa = XCBuildConfiguration;
			buildSettings = {
				ALWAYS_SEARCH_USER_PATHS = NO;
				CLANG_ANALYZER_NONNULL = YES;
				CLANG_CXX_LANGUAGE_STANDARD = "gnu++0x";
				CLANG_CXX_LIBRARY = "libc++";
				CLANG_ENABLE_MODULES = YES;
				CLANG_ENABLE_OBJC_ARC = YES;
				CLANG_WARN_BOOL_CONVERSION = YES;
				CLANG_WARN_CONSTANT_CONVERSION = YES;
				CLANG_WARN_DIRECT_OBJC_ISA_USAGE = YES_ERROR;
				CLANG_WARN_DOCUMENTATION_COMMENTS = YES;
				CLANG_WARN_EMPTY_BODY = YES;
				CLANG_WARN_ENUM_CONVERSION = YES;
				CLANG_WARN_INFINITE_RECURSION = YES;
				CLANG_WARN_INT_CONVERSION = YES;
				CLANG_WARN_OBJC_ROOT_CLASS = YES_ERROR;
				CLANG_WARN_SUSPICIOUS_MOVES = YES;
				CLANG_WARN_UNREACHABLE_CODE = YES;
				CLANG_WARN__DUPLICATE_METHOD_MATCH = YES;
				"CODE_SIGN_IDENTITY[sdk=iphoneos*]" = "iPhone Developer";
				COPY_PHASE_STRIP = NO;
				DEBUG_INFORMATION_FORMAT = "dwarf-with-dsym";
				ENABLE_NS_ASSERTIONS = NO;
				ENABLE_STRICT_OBJC_MSGSEND = YES;
				GCC_C_LANGUAGE_STANDARD = gnu99;
				GCC_NO_COMMON_BLOCKS = YES;
				GCC_WARN_64_TO_32_BIT_CONVERSION = YES;
				GCC_WARN_ABOUT_RETURN_TYPE = YES_ERROR;
				GCC_WARN_UNDECLARED_SELECTOR = YES;
				GCC_WARN_UNINITIALIZED_AUTOS = YES_AGGRESSIVE;
				GCC_WARN_UNUSED_FUNCTION = YES;
				GCC_WARN_UNUSED_VARIABLE = YES;
				IPHONEOS_DEPLOYMENT_TARGET = 10.0;
				MTL_ENABLE_DEBUG_INFO = NO;
				SDKROOT = iphoneos;
				SWIFT_OPTIMIZATION_LEVEL = "-Owholemodule";
				VALIDATE_PRODUCT = YES;
			};
			name = Release;
		};
		3443A64E1DAD2BEF008BDF7C /* Debug */ = {
			isa = XCBuildConfiguration;
			buildSettings = {
				ASSETCATALOG_COMPILER_APPICON_NAME = AppIcon;
				DEVELOPMENT_TEAM = R6RZ6S2FLK;
				INFOPLIST_FILE = "$(SRCROOT)/ProjectFiles/Info.plist";
				IPHONEOS_DEPLOYMENT_TARGET = 9.3;
				LD_RUNPATH_SEARCH_PATHS = "$(inherited) @executable_path/Frameworks";
				PRODUCT_BUNDLE_IDENTIFIER = jp.usagimaru.StoreScrollIndicator;
				PRODUCT_NAME = "$(TARGET_NAME)";
				SWIFT_VERSION = 3.0;
			};
			name = Debug;
		};
		3443A64F1DAD2BEF008BDF7C /* Release */ = {
			isa = XCBuildConfiguration;
			buildSettings = {
				ASSETCATALOG_COMPILER_APPICON_NAME = AppIcon;
				DEVELOPMENT_TEAM = R6RZ6S2FLK;
				INFOPLIST_FILE = "$(SRCROOT)/ProjectFiles/Info.plist";
				IPHONEOS_DEPLOYMENT_TARGET = 9.3;
				LD_RUNPATH_SEARCH_PATHS = "$(inherited) @executable_path/Frameworks";
				PRODUCT_BUNDLE_IDENTIFIER = jp.usagimaru.StoreScrollIndicator;
				PRODUCT_NAME = "$(TARGET_NAME)";
				SWIFT_VERSION = 3.0;
			};
			name = Release;
		};
/* End XCBuildConfiguration section */

/* Begin XCConfigurationList section */
		3443A6361DAD2BEF008BDF7C /* Build configuration list for PBXProject "StoreScrollIndicator" */ = {
			isa = XCConfigurationList;
			buildConfigurations = (
				3443A64B1DAD2BEF008BDF7C /* Debug */,
				3443A64C1DAD2BEF008BDF7C /* Release */,
			);
			defaultConfigurationIsVisible = 0;
			defaultConfigurationName = Release;
		};
		3443A64D1DAD2BEF008BDF7C /* Build configuration list for PBXNativeTarget "StoreScrollIndicator" */ = {
			isa = XCConfigurationList;
			buildConfigurations = (
				3443A64E1DAD2BEF008BDF7C /* Debug */,
				3443A64F1DAD2BEF008BDF7C /* Release */,
			);
			defaultConfigurationIsVisible = 0;
			defaultConfigurationName = Release;
		};
/* End XCConfigurationList section */
	};
	rootObject = 3443A6331DAD2BEF008BDF7C /* Project object */;
}
